// !$*UTF8*$!
{
	archiveVersion = 1;
	classes = {
	};
	objectVersion = 56;
	objects = {

/* Begin PBXBuildFile section */
		0EB15F8D2E7D0A0700CB69D5 /* ChoiceUserView.swift in Sources */ = {isa = PBXBuildFile; fileRef = 0EB15F8C2E7D0A0600CB69D5 /* ChoiceUserView.swift */; };
		18A77B1A2E7CC6C200032509 /* SUMAQApp.swift in Sources */ = {isa = PBXBuildFile; fileRef = 18A77B192E7CC6C200032509 /* SUMAQApp.swift */; };
		18A77B1C2E7CC6C200032509 /* ContentView.swift in Sources */ = {isa = PBXBuildFile; fileRef = 18A77B1B2E7CC6C200032509 /* ContentView.swift */; };
		18A77B1E2E7CC6C300032509 /* Assets.xcassets in Resources */ = {isa = PBXBuildFile; fileRef = 18A77B1D2E7CC6C300032509 /* Assets.xcassets */; };
		18A77B212E7CC6C300032509 /* Preview Assets.xcassets in Resources */ = {isa = PBXBuildFile; fileRef = 18A77B202E7CC6C300032509 /* Preview Assets.xcassets */; };
		18A77B2B2E7CC6C400032509 /* SUMAQTests.swift in Sources */ = {isa = PBXBuildFile; fileRef = 18A77B2A2E7CC6C400032509 /* SUMAQTests.swift */; };
		18A77B352E7CC6C400032509 /* SUMAQUITests.swift in Sources */ = {isa = PBXBuildFile; fileRef = 18A77B342E7CC6C400032509 /* SUMAQUITests.swift */; };
		18A77B372E7CC6C400032509 /* SUMAQUITestsLaunchTests.swift in Sources */ = {isa = PBXBuildFile; fileRef = 18A77B362E7CC6C400032509 /* SUMAQUITestsLaunchTests.swift */; };
		6612B99D2E7E378200FFBBB0 /* LogInAndRegisterView.swift in Sources */ = {isa = PBXBuildFile; fileRef = 6612B99C2E7E378200FFBBB0 /* LogInAndRegisterView.swift */; };
		6612B99F2E7E3C8200FFBBB0 /* HomeUser.swift in Sources */ = {isa = PBXBuildFile; fileRef = 6612B99E2E7E3C8200FFBBB0 /* HomeUser.swift */; };
		6612B9A12E7E3FC500FFBBB0 /* Colors+Hex.swift in Sources */ = {isa = PBXBuildFile; fileRef = 6612B9A02E7E3FC500FFBBB0 /* Colors+Hex.swift */; };
/* End PBXBuildFile section */

/* Begin PBXContainerItemProxy section */
		18A77B272E7CC6C400032509 /* PBXContainerItemProxy */ = {
			isa = PBXContainerItemProxy;
			containerPortal = 18A77B0E2E7CC6C200032509 /* Project object */;
			proxyType = 1;
			remoteGlobalIDString = 18A77B152E7CC6C200032509;
			remoteInfo = SUMAQ;
		};
		18A77B312E7CC6C400032509 /* PBXContainerItemProxy */ = {
			isa = PBXContainerItemProxy;
			containerPortal = 18A77B0E2E7CC6C200032509 /* Project object */;
			proxyType = 1;
			remoteGlobalIDString = 18A77B152E7CC6C200032509;
			remoteInfo = SUMAQ;
		};
/* End PBXContainerItemProxy section */

/* Begin PBXFileReference section */
		0EB15F8C2E7D0A0600CB69D5 /* ChoiceUserView.swift */ = {isa = PBXFileReference; lastKnownFileType = sourcecode.swift; path = ChoiceUserView.swift; sourceTree = "<group>"; };
		18A77B162E7CC6C200032509 /* SUMAQ.app */ = {isa = PBXFileReference; explicitFileType = wrapper.application; includeInIndex = 0; path = SUMAQ.app; sourceTree = BUILT_PRODUCTS_DIR; };
		18A77B192E7CC6C200032509 /* SUMAQApp.swift */ = {isa = PBXFileReference; lastKnownFileType = sourcecode.swift; path = SUMAQApp.swift; sourceTree = "<group>"; };
		18A77B1B2E7CC6C200032509 /* ContentView.swift */ = {isa = PBXFileReference; lastKnownFileType = sourcecode.swift; path = ContentView.swift; sourceTree = "<group>"; };
		18A77B1D2E7CC6C300032509 /* Assets.xcassets */ = {isa = PBXFileReference; lastKnownFileType = folder.assetcatalog; path = Assets.xcassets; sourceTree = "<group>"; };
		18A77B202E7CC6C300032509 /* Preview Assets.xcassets */ = {isa = PBXFileReference; lastKnownFileType = folder.assetcatalog; path = "Preview Assets.xcassets"; sourceTree = "<group>"; };
		18A77B262E7CC6C400032509 /* SUMAQTests.xctest */ = {isa = PBXFileReference; explicitFileType = wrapper.cfbundle; includeInIndex = 0; path = SUMAQTests.xctest; sourceTree = BUILT_PRODUCTS_DIR; };
		18A77B2A2E7CC6C400032509 /* SUMAQTests.swift */ = {isa = PBXFileReference; lastKnownFileType = sourcecode.swift; path = SUMAQTests.swift; sourceTree = "<group>"; };
		18A77B302E7CC6C400032509 /* SUMAQUITests.xctest */ = {isa = PBXFileReference; explicitFileType = wrapper.cfbundle; includeInIndex = 0; path = SUMAQUITests.xctest; sourceTree = BUILT_PRODUCTS_DIR; };
		18A77B342E7CC6C400032509 /* SUMAQUITests.swift */ = {isa = PBXFileReference; lastKnownFileType = sourcecode.swift; path = SUMAQUITests.swift; sourceTree = "<group>"; };
		18A77B362E7CC6C400032509 /* SUMAQUITestsLaunchTests.swift */ = {isa = PBXFileReference; lastKnownFileType = sourcecode.swift; path = SUMAQUITestsLaunchTests.swift; sourceTree = "<group>"; };
		6612B99C2E7E378200FFBBB0 /* LogInAndRegisterView.swift */ = {isa = PBXFileReference; lastKnownFileType = sourcecode.swift; path = LogInAndRegisterView.swift; sourceTree = "<group>"; };
		6612B99E2E7E3C8200FFBBB0 /* HomeUser.swift */ = {isa = PBXFileReference; lastKnownFileType = sourcecode.swift; path = HomeUser.swift; sourceTree = "<group>"; };
		6612B9A02E7E3FC500FFBBB0 /* Colors+Hex.swift */ = {isa = PBXFileReference; lastKnownFileType = sourcecode.swift; path = "Colors+Hex.swift"; sourceTree = "<group>"; };
/* End PBXFileReference section */

/* Begin PBXFrameworksBuildPhase section */
		18A77B132E7CC6C200032509 /* Frameworks */ = {
			isa = PBXFrameworksBuildPhase;
			buildActionMask = 2147483647;
			files = (
			);
			runOnlyForDeploymentPostprocessing = 0;
		};
		18A77B232E7CC6C400032509 /* Frameworks */ = {
			isa = PBXFrameworksBuildPhase;
			buildActionMask = 2147483647;
			files = (
			);
			runOnlyForDeploymentPostprocessing = 0;
		};
		18A77B2D2E7CC6C400032509 /* Frameworks */ = {
			isa = PBXFrameworksBuildPhase;
			buildActionMask = 2147483647;
			files = (
			);
			runOnlyForDeploymentPostprocessing = 0;
		};
/* End PBXFrameworksBuildPhase section */

/* Begin PBXGroup section */
		18A77B0D2E7CC6C200032509 = {
			isa = PBXGroup;
			children = (
				18A77B182E7CC6C200032509 /* SUMAQ */,
				18A77B292E7CC6C400032509 /* SUMAQTests */,
				18A77B332E7CC6C400032509 /* SUMAQUITests */,
				18A77B172E7CC6C200032509 /* Products */,
			);
			sourceTree = "<group>";
		};
		18A77B172E7CC6C200032509 /* Products */ = {
			isa = PBXGroup;
			children = (
				18A77B162E7CC6C200032509 /* SUMAQ.app */,
				18A77B262E7CC6C400032509 /* SUMAQTests.xctest */,
				18A77B302E7CC6C400032509 /* SUMAQUITests.xctest */,
			);
			name = Products;
			sourceTree = "<group>";
		};
		18A77B182E7CC6C200032509 /* SUMAQ */ = {
			isa = PBXGroup;
			children = (
				49CA12222E7E256700939F90 /* model */,
				49CA12212E7E255B00939F90 /* view */,
				49CA12202E7E252F00939F90 /* control */,
				18A77B192E7CC6C200032509 /* SUMAQApp.swift */,
				18A77B1D2E7CC6C300032509 /* Assets.xcassets */,
				18A77B1F2E7CC6C300032509 /* Preview Content */,
			);
			path = SUMAQ;
			sourceTree = "<group>";
		};
		18A77B1F2E7CC6C300032509 /* Preview Content */ = {
			isa = PBXGroup;
			children = (
				18A77B202E7CC6C300032509 /* Preview Assets.xcassets */,
			);
			path = "Preview Content";
			sourceTree = "<group>";
		};
		18A77B292E7CC6C400032509 /* SUMAQTests */ = {
			isa = PBXGroup;
			children = (
				18A77B2A2E7CC6C400032509 /* SUMAQTests.swift */,
			);
			path = SUMAQTests;
			sourceTree = "<group>";
		};
		18A77B332E7CC6C400032509 /* SUMAQUITests */ = {
			isa = PBXGroup;
			children = (
				18A77B342E7CC6C400032509 /* SUMAQUITests.swift */,
				18A77B362E7CC6C400032509 /* SUMAQUITestsLaunchTests.swift */,
			);
			path = SUMAQUITests;
			sourceTree = "<group>";
		};
		49CA12202E7E252F00939F90 /* control */ = {
			isa = PBXGroup;
			children = (
			);
			path = control;
			sourceTree = "<group>";
		};
		49CA12212E7E255B00939F90 /* view */ = {
			isa = PBXGroup;
			children = (
				0EB15F8C2E7D0A0600CB69D5 /* ChoiceUserView.swift */,
				18A77B1B2E7CC6C200032509 /* ContentView.swift */,
				6612B99C2E7E378200FFBBB0 /* LogInAndRegisterView.swift */,
				6612B99E2E7E3C8200FFBBB0 /* HomeUser.swift */,
				6612B9A02E7E3FC500FFBBB0 /* Colors+Hex.swift */,
			);
			path = view;
			sourceTree = "<group>";
		};
		49CA12222E7E256700939F90 /* model */ = {
			isa = PBXGroup;
			children = (
			);
			path = model;
			sourceTree = "<group>";
		};
/* End PBXGroup section */

/* Begin PBXNativeTarget section */
		18A77B152E7CC6C200032509 /* SUMAQ */ = {
			isa = PBXNativeTarget;
			buildConfigurationList = 18A77B3A2E7CC6C400032509 /* Build configuration list for PBXNativeTarget "SUMAQ" */;
			buildPhases = (
				18A77B122E7CC6C200032509 /* Sources */,
				18A77B132E7CC6C200032509 /* Frameworks */,
				18A77B142E7CC6C200032509 /* Resources */,
			);
			buildRules = (
			);
			dependencies = (
			);
			name = SUMAQ;
			productName = SUMAQ;
			productReference = 18A77B162E7CC6C200032509 /* SUMAQ.app */;
			productType = "com.apple.product-type.application";
		};
		18A77B252E7CC6C400032509 /* SUMAQTests */ = {
			isa = PBXNativeTarget;
			buildConfigurationList = 18A77B3D2E7CC6C400032509 /* Build configuration list for PBXNativeTarget "SUMAQTests" */;
			buildPhases = (
				18A77B222E7CC6C400032509 /* Sources */,
				18A77B232E7CC6C400032509 /* Frameworks */,
				18A77B242E7CC6C400032509 /* Resources */,
			);
			buildRules = (
			);
			dependencies = (
				18A77B282E7CC6C400032509 /* PBXTargetDependency */,
			);
			name = SUMAQTests;
			productName = SUMAQTests;
			productReference = 18A77B262E7CC6C400032509 /* SUMAQTests.xctest */;
			productType = "com.apple.product-type.bundle.unit-test";
		};
		18A77B2F2E7CC6C400032509 /* SUMAQUITests */ = {
			isa = PBXNativeTarget;
			buildConfigurationList = 18A77B402E7CC6C400032509 /* Build configuration list for PBXNativeTarget "SUMAQUITests" */;
			buildPhases = (
				18A77B2C2E7CC6C400032509 /* Sources */,
				18A77B2D2E7CC6C400032509 /* Frameworks */,
				18A77B2E2E7CC6C400032509 /* Resources */,
			);
			buildRules = (
			);
			dependencies = (
				18A77B322E7CC6C400032509 /* PBXTargetDependency */,
			);
			name = SUMAQUITests;
			productName = SUMAQUITests;
			productReference = 18A77B302E7CC6C400032509 /* SUMAQUITests.xctest */;
			productType = "com.apple.product-type.bundle.ui-testing";
		};
/* End PBXNativeTarget section */

/* Begin PBXProject section */
		18A77B0E2E7CC6C200032509 /* Project object */ = {
			isa = PBXProject;
			attributes = {
				BuildIndependentTargetsInParallel = 1;
				LastSwiftUpdateCheck = 1530;
				LastUpgradeCheck = 1530;
				TargetAttributes = {
					18A77B152E7CC6C200032509 = {
						CreatedOnToolsVersion = 15.3;
					};
					18A77B252E7CC6C400032509 = {
						CreatedOnToolsVersion = 15.3;
						TestTargetID = 18A77B152E7CC6C200032509;
					};
					18A77B2F2E7CC6C400032509 = {
						CreatedOnToolsVersion = 15.3;
						TestTargetID = 18A77B152E7CC6C200032509;
					};
				};
			};
			buildConfigurationList = 18A77B112E7CC6C200032509 /* Build configuration list for PBXProject "SUMAQ" */;
			compatibilityVersion = "Xcode 14.0";
			developmentRegion = en;
			hasScannedForEncodings = 0;
			knownRegions = (
				en,
				Base,
			);
			mainGroup = 18A77B0D2E7CC6C200032509;
			productRefGroup = 18A77B172E7CC6C200032509 /* Products */;
			projectDirPath = "";
			projectRoot = "";
			targets = (
				18A77B152E7CC6C200032509 /* SUMAQ */,
				18A77B252E7CC6C400032509 /* SUMAQTests */,
				18A77B2F2E7CC6C400032509 /* SUMAQUITests */,
			);
		};
/* End PBXProject section */

/* Begin PBXResourcesBuildPhase section */
		18A77B142E7CC6C200032509 /* Resources */ = {
			isa = PBXResourcesBuildPhase;
			buildActionMask = 2147483647;
			files = (
				18A77B212E7CC6C300032509 /* Preview Assets.xcassets in Resources */,
				18A77B1E2E7CC6C300032509 /* Assets.xcassets in Resources */,
			);
			runOnlyForDeploymentPostprocessing = 0;
		};
		18A77B242E7CC6C400032509 /* Resources */ = {
			isa = PBXResourcesBuildPhase;
			buildActionMask = 2147483647;
			files = (
			);
			runOnlyForDeploymentPostprocessing = 0;
		};
		18A77B2E2E7CC6C400032509 /* Resources */ = {
			isa = PBXResourcesBuildPhase;
			buildActionMask = 2147483647;
			files = (
			);
			runOnlyForDeploymentPostprocessing = 0;
		};
/* End PBXResourcesBuildPhase section */

/* Begin PBXSourcesBuildPhase section */
		18A77B122E7CC6C200032509 /* Sources */ = {
			isa = PBXSourcesBuildPhase;
			buildActionMask = 2147483647;
			files = (
				6612B99F2E7E3C8200FFBBB0 /* HomeUser.swift in Sources */,
				18A77B1C2E7CC6C200032509 /* ContentView.swift in Sources */,
				0EB15F8D2E7D0A0700CB69D5 /* ChoiceUserView.swift in Sources */,
				6612B9A12E7E3FC500FFBBB0 /* Colors+Hex.swift in Sources */,
				6612B99D2E7E378200FFBBB0 /* LogInAndRegisterView.swift in Sources */,
				18A77B1A2E7CC6C200032509 /* SUMAQApp.swift in Sources */,
			);
			runOnlyForDeploymentPostprocessing = 0;
		};
		18A77B222E7CC6C400032509 /* Sources */ = {
			isa = PBXSourcesBuildPhase;
			buildActionMask = 2147483647;
			files = (
				18A77B2B2E7CC6C400032509 /* SUMAQTests.swift in Sources */,
			);
			runOnlyForDeploymentPostprocessing = 0;
		};
		18A77B2C2E7CC6C400032509 /* Sources */ = {
			isa = PBXSourcesBuildPhase;
			buildActionMask = 2147483647;
			files = (
				18A77B372E7CC6C400032509 /* SUMAQUITestsLaunchTests.swift in Sources */,
				18A77B352E7CC6C400032509 /* SUMAQUITests.swift in Sources */,
			);
			runOnlyForDeploymentPostprocessing = 0;
		};
/* End PBXSourcesBuildPhase section */

/* Begin PBXTargetDependency section */
		18A77B282E7CC6C400032509 /* PBXTargetDependency */ = {
			isa = PBXTargetDependency;
			target = 18A77B152E7CC6C200032509 /* SUMAQ */;
			targetProxy = 18A77B272E7CC6C400032509 /* PBXContainerItemProxy */;
		};
		18A77B322E7CC6C400032509 /* PBXTargetDependency */ = {
			isa = PBXTargetDependency;
			target = 18A77B152E7CC6C200032509 /* SUMAQ */;
			targetProxy = 18A77B312E7CC6C400032509 /* PBXContainerItemProxy */;
		};
/* End PBXTargetDependency section */

/* Begin XCBuildConfiguration section */
		18A77B382E7CC6C400032509 /* Debug */ = {
			isa = XCBuildConfiguration;
			buildSettings = {
				ALWAYS_SEARCH_USER_PATHS = NO;
				ASSETCATALOG_COMPILER_GENERATE_SWIFT_ASSET_SYMBOL_EXTENSIONS = YES;
				CLANG_ANALYZER_NONNULL = YES;
				CLANG_ANALYZER_NUMBER_OBJECT_CONVERSION = YES_AGGRESSIVE;
				CLANG_CXX_LANGUAGE_STANDARD = "gnu++20";
				CLANG_ENABLE_MODULES = YES;
				CLANG_ENABLE_OBJC_ARC = YES;
				CLANG_ENABLE_OBJC_WEAK = YES;
				CLANG_WARN_BLOCK_CAPTURE_AUTORELEASING = YES;
				CLANG_WARN_BOOL_CONVERSION = YES;
				CLANG_WARN_COMMA = YES;
				CLANG_WARN_CONSTANT_CONVERSION = YES;
				CLANG_WARN_DEPRECATED_OBJC_IMPLEMENTATIONS = YES;
				CLANG_WARN_DIRECT_OBJC_ISA_USAGE = YES_ERROR;
				CLANG_WARN_DOCUMENTATION_COMMENTS = YES;
				CLANG_WARN_EMPTY_BODY = YES;
				CLANG_WARN_ENUM_CONVERSION = YES;
				CLANG_WARN_INFINITE_RECURSION = YES;
				CLANG_WARN_INT_CONVERSION = YES;
				CLANG_WARN_NON_LITERAL_NULL_CONVERSION = YES;
				CLANG_WARN_OBJC_IMPLICIT_RETAIN_SELF = YES;
				CLANG_WARN_OBJC_LITERAL_CONVERSION = YES;
				CLANG_WARN_OBJC_ROOT_CLASS = YES_ERROR;
				CLANG_WARN_QUOTED_INCLUDE_IN_FRAMEWORK_HEADER = YES;
				CLANG_WARN_RANGE_LOOP_ANALYSIS = YES;
				CLANG_WARN_STRICT_PROTOTYPES = YES;
				CLANG_WARN_SUSPICIOUS_MOVE = YES;
				CLANG_WARN_UNGUARDED_AVAILABILITY = YES_AGGRESSIVE;
				CLANG_WARN_UNREACHABLE_CODE = YES;
				CLANG_WARN__DUPLICATE_METHOD_MATCH = YES;
				COPY_PHASE_STRIP = NO;
				DEBUG_INFORMATION_FORMAT = dwarf;
				ENABLE_STRICT_OBJC_MSGSEND = YES;
				ENABLE_TESTABILITY = YES;
				ENABLE_USER_SCRIPT_SANDBOXING = YES;
				GCC_C_LANGUAGE_STANDARD = gnu17;
				GCC_DYNAMIC_NO_PIC = NO;
				GCC_NO_COMMON_BLOCKS = YES;
				GCC_OPTIMIZATION_LEVEL = 0;
				GCC_PREPROCESSOR_DEFINITIONS = (
					"DEBUG=1",
					"$(inherited)",
				);
				GCC_WARN_64_TO_32_BIT_CONVERSION = YES;
				GCC_WARN_ABOUT_RETURN_TYPE = YES_ERROR;
				GCC_WARN_UNDECLARED_SELECTOR = YES;
				GCC_WARN_UNINITIALIZED_AUTOS = YES_AGGRESSIVE;
				GCC_WARN_UNUSED_FUNCTION = YES;
				GCC_WARN_UNUSED_VARIABLE = YES;
				IPHONEOS_DEPLOYMENT_TARGET = 17.4;
				LOCALIZATION_PREFERS_STRING_CATALOGS = YES;
				MTL_ENABLE_DEBUG_INFO = INCLUDE_SOURCE;
				MTL_FAST_MATH = YES;
				ONLY_ACTIVE_ARCH = YES;
				SDKROOT = iphoneos;
				SWIFT_ACTIVE_COMPILATION_CONDITIONS = "DEBUG $(inherited)";
				SWIFT_OPTIMIZATION_LEVEL = "-Onone";
			};
			name = Debug;
		};
		18A77B392E7CC6C400032509 /* Release */ = {
			isa = XCBuildConfiguration;
			buildSettings = {
				ALWAYS_SEARCH_USER_PATHS = NO;
				ASSETCATALOG_COMPILER_GENERATE_SWIFT_ASSET_SYMBOL_EXTENSIONS = YES;
				CLANG_ANALYZER_NONNULL = YES;
				CLANG_ANALYZER_NUMBER_OBJECT_CONVERSION = YES_AGGRESSIVE;
				CLANG_CXX_LANGUAGE_STANDARD = "gnu++20";
				CLANG_ENABLE_MODULES = YES;
				CLANG_ENABLE_OBJC_ARC = YES;
				CLANG_ENABLE_OBJC_WEAK = YES;
				CLANG_WARN_BLOCK_CAPTURE_AUTORELEASING = YES;
				CLANG_WARN_BOOL_CONVERSION = YES;
				CLANG_WARN_COMMA = YES;
				CLANG_WARN_CONSTANT_CONVERSION = YES;
				CLANG_WARN_DEPRECATED_OBJC_IMPLEMENTATIONS = YES;
				CLANG_WARN_DIRECT_OBJC_ISA_USAGE = YES_ERROR;
				CLANG_WARN_DOCUMENTATION_COMMENTS = YES;
				CLANG_WARN_EMPTY_BODY = YES;
				CLANG_WARN_ENUM_CONVERSION = YES;
				CLANG_WARN_INFINITE_RECURSION = YES;
				CLANG_WARN_INT_CONVERSION = YES;
				CLANG_WARN_NON_LITERAL_NULL_CONVERSION = YES;
				CLANG_WARN_OBJC_IMPLICIT_RETAIN_SELF = YES;
				CLANG_WARN_OBJC_LITERAL_CONVERSION = YES;
				CLANG_WARN_OBJC_ROOT_CLASS = YES_ERROR;
				CLANG_WARN_QUOTED_INCLUDE_IN_FRAMEWORK_HEADER = YES;
				CLANG_WARN_RANGE_LOOP_ANALYSIS = YES;
				CLANG_WARN_STRICT_PROTOTYPES = YES;
				CLANG_WARN_SUSPICIOUS_MOVE = YES;
				CLANG_WARN_UNGUARDED_AVAILABILITY = YES_AGGRESSIVE;
				CLANG_WARN_UNREACHABLE_CODE = YES;
				CLANG_WARN__DUPLICATE_METHOD_MATCH = YES;
				COPY_PHASE_STRIP = NO;
				DEBUG_INFORMATION_FORMAT = "dwarf-with-dsym";
				ENABLE_NS_ASSERTIONS = NO;
				ENABLE_STRICT_OBJC_MSGSEND = YES;
				ENABLE_USER_SCRIPT_SANDBOXING = YES;
				GCC_C_LANGUAGE_STANDARD = gnu17;
				GCC_NO_COMMON_BLOCKS = YES;
				GCC_WARN_64_TO_32_BIT_CONVERSION = YES;
				GCC_WARN_ABOUT_RETURN_TYPE = YES_ERROR;
				GCC_WARN_UNDECLARED_SELECTOR = YES;
				GCC_WARN_UNINITIALIZED_AUTOS = YES_AGGRESSIVE;
				GCC_WARN_UNUSED_FUNCTION = YES;
				GCC_WARN_UNUSED_VARIABLE = YES;
				IPHONEOS_DEPLOYMENT_TARGET = 17.4;
				LOCALIZATION_PREFERS_STRING_CATALOGS = YES;
				MTL_ENABLE_DEBUG_INFO = NO;
				MTL_FAST_MATH = YES;
				SDKROOT = iphoneos;
				SWIFT_COMPILATION_MODE = wholemodule;
				VALIDATE_PRODUCT = YES;
			};
			name = Release;
		};
		18A77B3B2E7CC6C400032509 /* Debug */ = {
			isa = XCBuildConfiguration;
			buildSettings = {
				ASSETCATALOG_COMPILER_APPICON_NAME = AppIcon;
				ASSETCATALOG_COMPILER_GLOBAL_ACCENT_COLOR_NAME = AccentColor;
				CODE_SIGN_STYLE = Automatic;
				CURRENT_PROJECT_VERSION = 1;
				DEVELOPMENT_ASSET_PATHS = "\"SUMAQ/Preview Content\"";
				DEVELOPMENT_TEAM = 5RZG4SM8XG;
				ENABLE_PREVIEWS = YES;
				GENERATE_INFOPLIST_FILE = YES;
				INFOPLIST_KEY_UIApplicationSceneManifest_Generation = YES;
				INFOPLIST_KEY_UIApplicationSupportsIndirectInputEvents = YES;
				INFOPLIST_KEY_UILaunchScreen_Generation = YES;
				INFOPLIST_KEY_UISupportedInterfaceOrientations_iPad = "UIInterfaceOrientationPortrait UIInterfaceOrientationPortraitUpsideDown UIInterfaceOrientationLandscapeLeft UIInterfaceOrientationLandscapeRight";
				INFOPLIST_KEY_UISupportedInterfaceOrientations_iPhone = "UIInterfaceOrientationPortrait UIInterfaceOrientationLandscapeLeft UIInterfaceOrientationLandscapeRight";
				LD_RUNPATH_SEARCH_PATHS = (
					"$(inherited)",
					"@executable_path/Frameworks",
				);
				MARKETING_VERSION = 1.0;
				PRODUCT_BUNDLE_IDENTIFIER = SUMAQ.SUMAQ;
				PRODUCT_NAME = "$(TARGET_NAME)";
				SWIFT_EMIT_LOC_STRINGS = YES;
				SWIFT_VERSION = 5.0;
				TARGETED_DEVICE_FAMILY = "1,2";
			};
			name = Debug;
		};
		18A77B3C2E7CC6C400032509 /* Release */ = {
			isa = XCBuildConfiguration;
			buildSettings = {
				ASSETCATALOG_COMPILER_APPICON_NAME = AppIcon;
				ASSETCATALOG_COMPILER_GLOBAL_ACCENT_COLOR_NAME = AccentColor;
				CODE_SIGN_STYLE = Automatic;
				CURRENT_PROJECT_VERSION = 1;
				DEVELOPMENT_ASSET_PATHS = "\"SUMAQ/Preview Content\"";
				DEVELOPMENT_TEAM = 3B2664J725;
				ENABLE_PREVIEWS = YES;
				GENERATE_INFOPLIST_FILE = YES;
				INFOPLIST_KEY_UIApplicationSceneManifest_Generation = YES;
				INFOPLIST_KEY_UIApplicationSupportsIndirectInputEvents = YES;
				INFOPLIST_KEY_UILaunchScreen_Generation = YES;
				INFOPLIST_KEY_UISupportedInterfaceOrientations_iPad = "UIInterfaceOrientationPortrait UIInterfaceOrientationPortraitUpsideDown UIInterfaceOrientationLandscapeLeft UIInterfaceOrientationLandscapeRight";
				INFOPLIST_KEY_UISupportedInterfaceOrientations_iPhone = "UIInterfaceOrientationPortrait UIInterfaceOrientationLandscapeLeft UIInterfaceOrientationLandscapeRight";
				LD_RUNPATH_SEARCH_PATHS = (
					"$(inherited)",
					"@executable_path/Frameworks",
				);
				MARKETING_VERSION = 1.0;
				PRODUCT_BUNDLE_IDENTIFIER = SUMAQ.SUMAQ;
				PRODUCT_NAME = "$(TARGET_NAME)";
				SWIFT_EMIT_LOC_STRINGS = YES;
				SWIFT_VERSION = 5.0;
				TARGETED_DEVICE_FAMILY = "1,2";
			};
			name = Release;
		};
		18A77B3E2E7CC6C400032509 /* Debug */ = {
			isa = XCBuildConfiguration;
			buildSettings = {
				ALWAYS_EMBED_SWIFT_STANDARD_LIBRARIES = YES;
				BUNDLE_LOADER = "$(TEST_HOST)";
				CODE_SIGN_STYLE = Automatic;
				CURRENT_PROJECT_VERSION = 1;
				DEVELOPMENT_TEAM = 5RZG4SM8XG;
				GENERATE_INFOPLIST_FILE = YES;
				IPHONEOS_DEPLOYMENT_TARGET = 17.4;
				MARKETING_VERSION = 1.0;
				PRODUCT_BUNDLE_IDENTIFIER = SUMAQ.SUMAQTests;
				PRODUCT_NAME = "$(TARGET_NAME)";
				SWIFT_EMIT_LOC_STRINGS = NO;
				SWIFT_VERSION = 5.0;
				TARGETED_DEVICE_FAMILY = "1,2";
				TEST_HOST = "$(BUILT_PRODUCTS_DIR)/SUMAQ.app/$(BUNDLE_EXECUTABLE_FOLDER_PATH)/SUMAQ";
			};
			name = Debug;
		};
		18A77B3F2E7CC6C400032509 /* Release */ = {
			isa = XCBuildConfiguration;
			buildSettings = {
				ALWAYS_EMBED_SWIFT_STANDARD_LIBRARIES = YES;
				BUNDLE_LOADER = "$(TEST_HOST)";
				CODE_SIGN_STYLE = Automatic;
				CURRENT_PROJECT_VERSION = 1;
				DEVELOPMENT_TEAM = 3B2664J725;
				GENERATE_INFOPLIST_FILE = YES;
				IPHONEOS_DEPLOYMENT_TARGET = 17.4;
				MARKETING_VERSION = 1.0;
				PRODUCT_BUNDLE_IDENTIFIER = SUMAQ.SUMAQTests;
				PRODUCT_NAME = "$(TARGET_NAME)";
				SWIFT_EMIT_LOC_STRINGS = NO;
				SWIFT_VERSION = 5.0;
				TARGETED_DEVICE_FAMILY = "1,2";
				TEST_HOST = "$(BUILT_PRODUCTS_DIR)/SUMAQ.app/$(BUNDLE_EXECUTABLE_FOLDER_PATH)/SUMAQ";
			};
			name = Release;
		};
		18A77B412E7CC6C400032509 /* Debug */ = {
			isa = XCBuildConfiguration;
			buildSettings = {
				ALWAYS_EMBED_SWIFT_STANDARD_LIBRARIES = YES;
				CODE_SIGN_STYLE = Automatic;
				CURRENT_PROJECT_VERSION = 1;
				DEVELOPMENT_TEAM = 5RZG4SM8XG;
				GENERATE_INFOPLIST_FILE = YES;
				MARKETING_VERSION = 1.0;
				PRODUCT_BUNDLE_IDENTIFIER = SUMAQ.SUMAQUITests;
				PRODUCT_NAME = "$(TARGET_NAME)";
				SWIFT_EMIT_LOC_STRINGS = NO;
				SWIFT_VERSION = 5.0;
				TARGETED_DEVICE_FAMILY = "1,2";
				TEST_TARGET_NAME = SUMAQ;
			};
			name = Debug;
		};
		18A77B422E7CC6C400032509 /* Release */ = {
			isa = XCBuildConfiguration;
			buildSettings = {
				ALWAYS_EMBED_SWIFT_STANDARD_LIBRARIES = YES;
				CODE_SIGN_STYLE = Automatic;
				CURRENT_PROJECT_VERSION = 1;
				DEVELOPMENT_TEAM = 3B2664J725;
				GENERATE_INFOPLIST_FILE = YES;
				MARKETING_VERSION = 1.0;
				PRODUCT_BUNDLE_IDENTIFIER = SUMAQ.SUMAQUITests;
				PRODUCT_NAME = "$(TARGET_NAME)";
				SWIFT_EMIT_LOC_STRINGS = NO;
				SWIFT_VERSION = 5.0;
				TARGETED_DEVICE_FAMILY = "1,2";
				TEST_TARGET_NAME = SUMAQ;
			};
			name = Release;
		};
/* End XCBuildConfiguration section */

/* Begin XCConfigurationList section */
		18A77B112E7CC6C200032509 /* Build configuration list for PBXProject "SUMAQ" */ = {
			isa = XCConfigurationList;
			buildConfigurations = (
				18A77B382E7CC6C400032509 /* Debug */,
				18A77B392E7CC6C400032509 /* Release */,
			);
			defaultConfigurationIsVisible = 0;
			defaultConfigurationName = Release;
		};
		18A77B3A2E7CC6C400032509 /* Build configuration list for PBXNativeTarget "SUMAQ" */ = {
			isa = XCConfigurationList;
			buildConfigurations = (
				18A77B3B2E7CC6C400032509 /* Debug */,
				18A77B3C2E7CC6C400032509 /* Release */,
			);
			defaultConfigurationIsVisible = 0;
			defaultConfigurationName = Release;
		};
		18A77B3D2E7CC6C400032509 /* Build configuration list for PBXNativeTarget "SUMAQTests" */ = {
			isa = XCConfigurationList;
			buildConfigurations = (
				18A77B3E2E7CC6C400032509 /* Debug */,
				18A77B3F2E7CC6C400032509 /* Release */,
			);
			defaultConfigurationIsVisible = 0;
			defaultConfigurationName = Release;
		};
		18A77B402E7CC6C400032509 /* Build configuration list for PBXNativeTarget "SUMAQUITests" */ = {
			isa = XCConfigurationList;
			buildConfigurations = (
				18A77B412E7CC6C400032509 /* Debug */,
				18A77B422E7CC6C400032509 /* Release */,
			);
			defaultConfigurationIsVisible = 0;
			defaultConfigurationName = Release;
		};
/* End XCConfigurationList section */
	};
	rootObject = 18A77B0E2E7CC6C200032509 /* Project object */;
}
